// !$*UTF8*$!
{
	archiveVersion = 1;
	classes = {
	};
	objectVersion = 50;
	objects = {

/* Begin PBXBuildFile section */
		7ACB5A48227A255600C78D46 /* AppDelegate.swift in Sources */ = {isa = PBXBuildFile; fileRef = 7ACB5A47227A255600C78D46 /* AppDelegate.swift */; };
		7ACB5A4A227A255600C78D46 /* CryptexViewController.swift in Sources */ = {isa = PBXBuildFile; fileRef = 7ACB5A49227A255600C78D46 /* CryptexViewController.swift */; };
		7ACB5A4D227A255600C78D46 /* Main.storyboard in Resources */ = {isa = PBXBuildFile; fileRef = 7ACB5A4B227A255600C78D46 /* Main.storyboard */; };
		7ACB5A4F227A255800C78D46 /* Assets.xcassets in Resources */ = {isa = PBXBuildFile; fileRef = 7ACB5A4E227A255800C78D46 /* Assets.xcassets */; };
		7ACB5A52227A255800C78D46 /* LaunchScreen.storyboard in Resources */ = {isa = PBXBuildFile; fileRef = 7ACB5A50227A255800C78D46 /* LaunchScreen.storyboard */; };
		7ACB5A5A227A26E400C78D46 /* Cryptex.swift in Sources */ = {isa = PBXBuildFile; fileRef = 7ACB5A59227A26E400C78D46 /* Cryptex.swift */; };
		7ACB5A5D227A272700C78D46 /* CryptexController.swift in Sources */ = {isa = PBXBuildFile; fileRef = 7ACB5A5C227A272700C78D46 /* CryptexController.swift */; };
		7ACB5A61227A339700C78D46 /* AddNewPasswordViewController.swift in Sources */ = {isa = PBXBuildFile; fileRef = 7ACB5A60227A339700C78D46 /* AddNewPasswordViewController.swift */; };
/* End PBXBuildFile section */

/* Begin PBXFileReference section */
		7ACB5A44227A255600C78D46 /* Cryptex.app */ = {isa = PBXFileReference; explicitFileType = wrapper.application; includeInIndex = 0; path = Cryptex.app; sourceTree = BUILT_PRODUCTS_DIR; };
		7ACB5A47227A255600C78D46 /* AppDelegate.swift */ = {isa = PBXFileReference; lastKnownFileType = sourcecode.swift; path = AppDelegate.swift; sourceTree = "<group>"; };
		7ACB5A49227A255600C78D46 /* CryptexViewController.swift */ = {isa = PBXFileReference; lastKnownFileType = sourcecode.swift; path = CryptexViewController.swift; sourceTree = "<group>"; };
		7ACB5A4C227A255600C78D46 /* Base */ = {isa = PBXFileReference; lastKnownFileType = file.storyboard; name = Base; path = Base.lproj/Main.storyboard; sourceTree = "<group>"; };
		7ACB5A4E227A255800C78D46 /* Assets.xcassets */ = {isa = PBXFileReference; lastKnownFileType = folder.assetcatalog; path = Assets.xcassets; sourceTree = "<group>"; };
		7ACB5A51227A255800C78D46 /* Base */ = {isa = PBXFileReference; lastKnownFileType = file.storyboard; name = Base; path = Base.lproj/LaunchScreen.storyboard; sourceTree = "<group>"; };
		7ACB5A53227A255800C78D46 /* Info.plist */ = {isa = PBXFileReference; lastKnownFileType = text.plist.xml; path = Info.plist; sourceTree = "<group>"; };
		7ACB5A59227A26E400C78D46 /* Cryptex.swift */ = {isa = PBXFileReference; lastKnownFileType = sourcecode.swift; path = Cryptex.swift; sourceTree = "<group>"; };
		7ACB5A5C227A272700C78D46 /* CryptexController.swift */ = {isa = PBXFileReference; lastKnownFileType = sourcecode.swift; path = CryptexController.swift; sourceTree = "<group>"; };
		7ACB5A60227A339700C78D46 /* AddNewPasswordViewController.swift */ = {isa = PBXFileReference; lastKnownFileType = sourcecode.swift; path = AddNewPasswordViewController.swift; sourceTree = "<group>"; };
/* End PBXFileReference section */

/* Begin PBXFrameworksBuildPhase section */
		7ACB5A41227A255600C78D46 /* Frameworks */ = {
			isa = PBXFrameworksBuildPhase;
			buildActionMask = 2147483647;
			files = (
			);
			runOnlyForDeploymentPostprocessing = 0;
		};
/* End PBXFrameworksBuildPhase section */

/* Begin PBXGroup section */
		7ACB5A3B227A255600C78D46 = {
			isa = PBXGroup;
			children = (
				7ACB5A46227A255600C78D46 /* Cryptex */,
				7ACB5A45227A255600C78D46 /* Products */,
			);
			sourceTree = "<group>";
		};
		7ACB5A45227A255600C78D46 /* Products */ = {
			isa = PBXGroup;
			children = (
				7ACB5A44227A255600C78D46 /* Cryptex.app */,
			);
			name = Products;
			sourceTree = "<group>";
		};
		7ACB5A46227A255600C78D46 /* Cryptex */ = {
			isa = PBXGroup;
			children = (
				7ACB5A47227A255600C78D46 /* AppDelegate.swift */,
				7ACB5A5B227A271600C78D46 /* Model */,
				7ACB5A5E227A272F00C78D46 /* Model Controller */,
				7ACB5A5F227A273700C78D46 /* View Controller */,
				7ACB5A4B227A255600C78D46 /* Main.storyboard */,
				7ACB5A4E227A255800C78D46 /* Assets.xcassets */,
				7ACB5A50227A255800C78D46 /* LaunchScreen.storyboard */,
				7ACB5A53227A255800C78D46 /* Info.plist */,
			);
			path = Cryptex;
			sourceTree = "<group>";
		};
		7ACB5A5B227A271600C78D46 /* Model */ = {
			isa = PBXGroup;
			children = (
				7ACB5A59227A26E400C78D46 /* Cryptex.swift */,
			);
			path = Model;
			sourceTree = "<group>";
		};
		7ACB5A5E227A272F00C78D46 /* Model Controller */ = {
			isa = PBXGroup;
			children = (
				7ACB5A5C227A272700C78D46 /* CryptexController.swift */,
			);
			path = "Model Controller";
			sourceTree = "<group>";
		};
		7ACB5A5F227A273700C78D46 /* View Controller */ = {
			isa = PBXGroup;
			children = (
				7ACB5A49227A255600C78D46 /* CryptexViewController.swift */,
				7ACB5A60227A339700C78D46 /* AddNewPasswordViewController.swift */,
			);
			path = "View Controller";
			sourceTree = "<group>";
		};
/* End PBXGroup section */

/* Begin PBXNativeTarget section */
		7ACB5A43227A255600C78D46 /* Cryptex */ = {
			isa = PBXNativeTarget;
			buildConfigurationList = 7ACB5A56227A255800C78D46 /* Build configuration list for PBXNativeTarget "Cryptex" */;
			buildPhases = (
				7ACB5A40227A255600C78D46 /* Sources */,
				7ACB5A41227A255600C78D46 /* Frameworks */,
				7ACB5A42227A255600C78D46 /* Resources */,
			);
			buildRules = (
			);
			dependencies = (
			);
			name = Cryptex;
			productName = Cryptex;
			productReference = 7ACB5A44227A255600C78D46 /* Cryptex.app */;
			productType = "com.apple.product-type.application";
		};
/* End PBXNativeTarget section */

/* Begin PBXProject section */
		7ACB5A3C227A255600C78D46 /* Project object */ = {
			isa = PBXProject;
			attributes = {
				LastSwiftUpdateCheck = 1020;
				LastUpgradeCheck = 1020;
				ORGANIZATIONNAME = "Nelson Gonzalez";
				TargetAttributes = {
					7ACB5A43227A255600C78D46 = {
						CreatedOnToolsVersion = 10.2.1;
					};
				};
			};
			buildConfigurationList = 7ACB5A3F227A255600C78D46 /* Build configuration list for PBXProject "Cryptex" */;
			compatibilityVersion = "Xcode 9.3";
			developmentRegion = en;
			hasScannedForEncodings = 0;
			knownRegions = (
				en,
				Base,
			);
			mainGroup = 7ACB5A3B227A255600C78D46;
			productRefGroup = 7ACB5A45227A255600C78D46 /* Products */;
			projectDirPath = "";
			projectRoot = "";
			targets = (
				7ACB5A43227A255600C78D46 /* Cryptex */,
			);
		};
/* End PBXProject section */

/* Begin PBXResourcesBuildPhase section */
		7ACB5A42227A255600C78D46 /* Resources */ = {
			isa = PBXResourcesBuildPhase;
			buildActionMask = 2147483647;
			files = (
				7ACB5A52227A255800C78D46 /* LaunchScreen.storyboard in Resources */,
				7ACB5A4F227A255800C78D46 /* Assets.xcassets in Resources */,
				7ACB5A4D227A255600C78D46 /* Main.storyboard in Resources */,
			);
			runOnlyForDeploymentPostprocessing = 0;
		};
/* End PBXResourcesBuildPhase section */

/* Begin PBXSourcesBuildPhase section */
		7ACB5A40227A255600C78D46 /* Sources */ = {
			isa = PBXSourcesBuildPhase;
			buildActionMask = 2147483647;
			files = (
				7ACB5A4A227A255600C78D46 /* CryptexViewController.swift in Sources */,
				7ACB5A5D227A272700C78D46 /* CryptexController.swift in Sources */,
				7ACB5A5A227A26E400C78D46 /* Cryptex.swift in Sources */,
				7ACB5A61227A339700C78D46 /* AddNewPasswordViewController.swift in Sources */,
				7ACB5A48227A255600C78D46 /* AppDelegate.swift in Sources */,
			);
			runOnlyForDeploymentPostprocessing = 0;
		};
/* End PBXSourcesBuildPhase section */

/* Begin PBXVariantGroup section */
		7ACB5A4B227A255600C78D46 /* Main.storyboard */ = {
			isa = PBXVariantGroup;
			children = (
				7ACB5A4C227A255600C78D46 /* Base */,
			);
			name = Main.storyboard;
			sourceTree = "<group>";
		};
		7ACB5A50227A255800C78D46 /* LaunchScreen.storyboard */ = {
			isa = PBXVariantGroup;
			children = (
				7ACB5A51227A255800C78D46 /* Base */,
			);
			name = LaunchScreen.storyboard;
			sourceTree = "<group>";
		};
/* End PBXVariantGroup section */

/* Begin XCBuildConfiguration section */
		7ACB5A54227A255800C78D46 /* Debug */ = {
			isa = XCBuildConfiguration;
			buildSettings = {
				ALWAYS_SEARCH_USER_PATHS = NO;
				CLANG_ANALYZER_NONNULL = YES;
				CLANG_ANALYZER_NUMBER_OBJECT_CONVERSION = YES_AGGRESSIVE;
				CLANG_CXX_LANGUAGE_STANDARD = "gnu++14";
				CLANG_CXX_LIBRARY = "libc++";
				CLANG_ENABLE_MODULES = YES;
				CLANG_ENABLE_OBJC_ARC = YES;
				CLANG_ENABLE_OBJC_WEAK = YES;
				CLANG_WARN_BLOCK_CAPTURE_AUTORELEASING = YES;
				CLANG_WARN_BOOL_CONVERSION = YES;
				CLANG_WARN_COMMA = YES;
				CLANG_WARN_CONSTANT_CONVERSION = YES;
				CLANG_WARN_DEPRECATED_OBJC_IMPLEMENTATIONS = YES;
				CLANG_WARN_DIRECT_OBJC_ISA_USAGE = YES_ERROR;
				CLANG_WARN_DOCUMENTATION_COMMENTS = YES;
				CLANG_WARN_EMPTY_BODY = YES;
				CLANG_WARN_ENUM_CONVERSION = YES;
				CLANG_WARN_INFINITE_RECURSION = YES;
				CLANG_WARN_INT_CONVERSION = YES;
				CLANG_WARN_NON_LITERAL_NULL_CONVERSION = YES;
				CLANG_WARN_OBJC_IMPLICIT_RETAIN_SELF = YES;
				CLANG_WARN_OBJC_LITERAL_CONVERSION = YES;
				CLANG_WARN_OBJC_ROOT_CLASS = YES_ERROR;
				CLANG_WARN_RANGE_LOOP_ANALYSIS = YES;
				CLANG_WARN_STRICT_PROTOTYPES = YES;
				CLANG_WARN_SUSPICIOUS_MOVE = YES;
				CLANG_WARN_UNGUARDED_AVAILABILITY = YES_AGGRESSIVE;
				CLANG_WARN_UNREACHABLE_CODE = YES;
				CLANG_WARN__DUPLICATE_METHOD_MATCH = YES;
				CODE_SIGN_IDENTITY = "iPhone Developer";
				COPY_PHASE_STRIP = NO;
				DEBUG_INFORMATION_FORMAT = dwarf;
				ENABLE_STRICT_OBJC_MSGSEND = YES;
				ENABLE_TESTABILITY = YES;
				GCC_C_LANGUAGE_STANDARD = gnu11;
				GCC_DYNAMIC_NO_PIC = NO;
				GCC_NO_COMMON_BLOCKS = YES;
				GCC_OPTIMIZATION_LEVEL = 0;
				GCC_PREPROCESSOR_DEFINITIONS = (
					"DEBUG=1",
					"$(inherited)",
				);
				GCC_WARN_64_TO_32_BIT_CONVERSION = YES;
				GCC_WARN_ABOUT_RETURN_TYPE = YES_ERROR;
				GCC_WARN_UNDECLARED_SELECTOR = YES;
				GCC_WARN_UNINITIALIZED_AUTOS = YES_AGGRESSIVE;
				GCC_WARN_UNUSED_FUNCTION = YES;
				GCC_WARN_UNUSED_VARIABLE = YES;
				IPHONEOS_DEPLOYMENT_TARGET = 12.2;
				MTL_ENABLE_DEBUG_INFO = INCLUDE_SOURCE;
				MTL_FAST_MATH = YES;
				ONLY_ACTIVE_ARCH = YES;
				SDKROOT = iphoneos;
				SWIFT_ACTIVE_COMPILATION_CONDITIONS = DEBUG;
				SWIFT_OPTIMIZATION_LEVEL = "-Onone";
			};
			name = Debug;
		};
		7ACB5A55227A255800C78D46 /* Release */ = {
			isa = XCBuildConfiguration;
			buildSettings = {
				ALWAYS_SEARCH_USER_PATHS = NO;
				CLANG_ANALYZER_NONNULL = YES;
				CLANG_ANALYZER_NUMBER_OBJECT_CONVERSION = YES_AGGRESSIVE;
				CLANG_CXX_LANGUAGE_STANDARD = "gnu++14";
				CLANG_CXX_LIBRARY = "libc++";
				CLANG_ENABLE_MODULES = YES;
				CLANG_ENABLE_OBJC_ARC = YES;
				CLANG_ENABLE_OBJC_WEAK = YES;
				CLANG_WARN_BLOCK_CAPTURE_AUTORELEASING = YES;
				CLANG_WARN_BOOL_CONVERSION = YES;
				CLANG_WARN_COMMA = YES;
				CLANG_WARN_CONSTANT_CONVERSION = YES;
				CLANG_WARN_DEPRECATED_OBJC_IMPLEMENTATIONS = YES;
				CLANG_WARN_DIRECT_OBJC_ISA_USAGE = YES_ERROR;
				CLANG_WARN_DOCUMENTATION_COMMENTS = YES;
				CLANG_WARN_EMPTY_BODY = YES;
				CLANG_WARN_ENUM_CONVERSION = YES;
				CLANG_WARN_INFINITE_RECURSION = YES;
				CLANG_WARN_INT_CONVERSION = YES;
				CLANG_WARN_NON_LITERAL_NULL_CONVERSION = YES;
				CLANG_WARN_OBJC_IMPLICIT_RETAIN_SELF = YES;
				CLANG_WARN_OBJC_LITERAL_CONVERSION = YES;
				CLANG_WARN_OBJC_ROOT_CLASS = YES_ERROR;
				CLANG_WARN_RANGE_LOOP_ANALYSIS = YES;
				CLANG_WARN_STRICT_PROTOTYPES = YES;
				CLANG_WARN_SUSPICIOUS_MOVE = YES;
				CLANG_WARN_UNGUARDED_AVAILABILITY = YES_AGGRESSIVE;
				CLANG_WARN_UNREACHABLE_CODE = YES;
				CLANG_WARN__DUPLICATE_METHOD_MATCH = YES;
				CODE_SIGN_IDENTITY = "iPhone Developer";
				COPY_PHASE_STRIP = NO;
				DEBUG_INFORMATION_FORMAT = "dwarf-with-dsym";
				ENABLE_NS_ASSERTIONS = NO;
				ENABLE_STRICT_OBJC_MSGSEND = YES;
				GCC_C_LANGUAGE_STANDARD = gnu11;
				GCC_NO_COMMON_BLOCKS = YES;
				GCC_WARN_64_TO_32_BIT_CONVERSION = YES;
				GCC_WARN_ABOUT_RETURN_TYPE = YES_ERROR;
				GCC_WARN_UNDECLARED_SELECTOR = YES;
				GCC_WARN_UNINITIALIZED_AUTOS = YES_AGGRESSIVE;
				GCC_WARN_UNUSED_FUNCTION = YES;
				GCC_WARN_UNUSED_VARIABLE = YES;
				IPHONEOS_DEPLOYMENT_TARGET = 12.2;
				MTL_ENABLE_DEBUG_INFO = NO;
				MTL_FAST_MATH = YES;
				SDKROOT = iphoneos;
				SWIFT_COMPILATION_MODE = wholemodule;
				SWIFT_OPTIMIZATION_LEVEL = "-O";
				VALIDATE_PRODUCT = YES;
			};
			name = Release;
		};
		7ACB5A57227A255800C78D46 /* Debug */ = {
			isa = XCBuildConfiguration;
			buildSettings = {
				ASSETCATALOG_COMPILER_APPICON_NAME = AppIcon;
				CODE_SIGN_STYLE = Automatic;
				DEVELOPMENT_TEAM = ZD9LN99SX6;
				INFOPLIST_FILE = Cryptex/Info.plist;
				LD_RUNPATH_SEARCH_PATHS = (
					"$(inherited)",
					"@executable_path/Frameworks",
				);
				PRODUCT_BUNDLE_IDENTIFIER = com.nelsongonzalez.Cryptex;
				PRODUCT_NAME = "$(TARGET_NAME)";
				SWIFT_VERSION = 5.0;
				TARGETED_DEVICE_FAMILY = "1,2";
			};
			name = Debug;
		};
		7ACB5A58227A255800C78D46 /* Release */ = {
			isa = XCBuildConfiguration;
			buildSettings = {
				ASSETCATALOG_COMPILER_APPICON_NAME = AppIcon;
				CODE_SIGN_STYLE = Automatic;
				DEVELOPMENT_TEAM = ZD9LN99SX6;
				INFOPLIST_FILE = Cryptex/Info.plist;
				LD_RUNPATH_SEARCH_PATHS = (
					"$(inherited)",
					"@executable_path/Frameworks",
				);
				PRODUCT_BUNDLE_IDENTIFIER = com.nelsongonzalez.Cryptex;
				PRODUCT_NAME = "$(TARGET_NAME)";
				SWIFT_VERSION = 5.0;
				TARGETED_DEVICE_FAMILY = "1,2";
			};
			name = Release;
		};
/* End XCBuildConfiguration section */

/* Begin XCConfigurationList section */
		7ACB5A3F227A255600C78D46 /* Build configuration list for PBXProject "Cryptex" */ = {
			isa = XCConfigurationList;
			buildConfigurations = (
				7ACB5A54227A255800C78D46 /* Debug */,
				7ACB5A55227A255800C78D46 /* Release */,
			);
			defaultConfigurationIsVisible = 0;
			defaultConfigurationName = Release;
		};
		7ACB5A56227A255800C78D46 /* Build configuration list for PBXNativeTarget "Cryptex" */ = {
			isa = XCConfigurationList;
			buildConfigurations = (
				7ACB5A57227A255800C78D46 /* Debug */,
				7ACB5A58227A255800C78D46 /* Release */,
			);
			defaultConfigurationIsVisible = 0;
			defaultConfigurationName = Release;
		};
/* End XCConfigurationList section */
	};
	rootObject = 7ACB5A3C227A255600C78D46 /* Project object */;
}
